// !$*UTF8*$!
{
	archiveVersion = 1;
	classes = {
	};
	objectVersion = 90;
	objects = {

/* Begin PBXBuildFile section */
		816D52A82E93AC8E00878ABC /* FirebaseAuth in Frameworks */ = {isa = PBXBuildFile; productRef = 816D52A72E93AC8E00878ABC /* FirebaseAuth */; };
		816D52AA2E93AC8E00878ABC /* FirebaseFirestore in Frameworks */ = {isa = PBXBuildFile; productRef = 816D52A92E93AC8E00878ABC /* FirebaseFirestore */; };
		81A0AD282E9C5EDD00AFDCDB /* FirebaseStorage in Frameworks */ = {isa = PBXBuildFile; productRef = 81A0AD272E9C5EDD00AFDCDB /* FirebaseStorage */; };
/* End PBXBuildFile section */

/* Begin PBXContainerItemProxy section */
		81E950002E84495400413192 /* PBXContainerItemProxy */ = {
			isa = PBXContainerItemProxy;
			containerPortal = 81E94FE62E84495200413192 /* Project object */;
			proxyType = 1;
			remoteGlobalIDString = 81E94FED2E84495200413192;
			remoteInfo = LogiScan;
		};
		81E9500A2E84495400413192 /* PBXContainerItemProxy */ = {
			isa = PBXContainerItemProxy;
			containerPortal = 81E94FE62E84495200413192 /* Project object */;
			proxyType = 1;
			remoteGlobalIDString = 81E94FED2E84495200413192;
			remoteInfo = LogiScan;
		};
/* End PBXContainerItemProxy section */

/* Begin PBXFileReference section */
		81E94FEE2E84495200413192 /* LogiScan.app */ = {isa = PBXFileReference; explicitFileType = wrapper.application; includeInIndex = 0; path = LogiScan.app; sourceTree = BUILT_PRODUCTS_DIR; };
		81E94FFF2E84495400413192 /* LogiScanTests.xctest */ = {isa = PBXFileReference; explicitFileType = wrapper.cfbundle; includeInIndex = 0; path = LogiScanTests.xctest; sourceTree = BUILT_PRODUCTS_DIR; };
		81E950092E84495400413192 /* LogiScanUITests.xctest */ = {isa = PBXFileReference; explicitFileType = wrapper.cfbundle; includeInIndex = 0; path = LogiScanUITests.xctest; sourceTree = BUILT_PRODUCTS_DIR; };
/* End PBXFileReference section */

/* Begin PBXFileSystemSynchronizedBuildFileExceptionSet section */
		81E950112E84495400413192 /* Exceptions for "LogiScan" folder in "LogiScan" target */ = {
			isa = PBXFileSystemSynchronizedBuildFileExceptionSet;
			membershipExceptions = (
				Info.plist,
			);
			target = 81E94FED2E84495200413192 /* LogiScan */;
		};
/* End PBXFileSystemSynchronizedBuildFileExceptionSet section */

/* Begin PBXFileSystemSynchronizedRootGroup section */
		81E94FF02E84495200413192 /* LogiScan */ = {
			isa = PBXFileSystemSynchronizedRootGroup;
			exceptions = (
				81E950112E84495400413192 /* Exceptions for "LogiScan" folder in "LogiScan" target */,
			);
			path = LogiScan;
			sourceTree = "<group>";
		};
		81E950022E84495400413192 /* LogiScanTests */ = {
			isa = PBXFileSystemSynchronizedRootGroup;
			path = LogiScanTests;
			sourceTree = "<group>";
		};
		81E9500C2E84495400413192 /* LogiScanUITests */ = {
			isa = PBXFileSystemSynchronizedRootGroup;
			path = LogiScanUITests;
			sourceTree = "<group>";
		};
/* End PBXFileSystemSynchronizedRootGroup section */

/* Begin PBXFrameworksBuildPhase section */
		81E94FEB2E84495200413192 /* Frameworks */ = {
			isa = PBXFrameworksBuildPhase;
			files = (
				816D52A82E93AC8E00878ABC /* FirebaseAuth in Frameworks */,
				816D52AA2E93AC8E00878ABC /* FirebaseFirestore in Frameworks */,
				81A0AD282E9C5EDD00AFDCDB /* FirebaseStorage in Frameworks */,
			);
		};
		81E94FFC2E84495400413192 /* Frameworks */ = {
			isa = PBXFrameworksBuildPhase;
			files = (
			);
		};
		81E950062E84495400413192 /* Frameworks */ = {
			isa = PBXFrameworksBuildPhase;
			files = (
			);
		};
/* End PBXFrameworksBuildPhase section */

/* Begin PBXGroup section */
		81E94FE52E84495200413192 = {
			isa = PBXGroup;
			children = (
				81E94FF02E84495200413192 /* LogiScan */,
				81E950022E84495400413192 /* LogiScanTests */,
				81E9500C2E84495400413192 /* LogiScanUITests */,
				81E94FEF2E84495200413192 /* Products */,
			);
			sourceTree = "<group>";
		};
		81E94FEF2E84495200413192 /* Products */ = {
			isa = PBXGroup;
			children = (
				81E94FEE2E84495200413192 /* LogiScan.app */,
				81E94FFF2E84495400413192 /* LogiScanTests.xctest */,
				81E950092E84495400413192 /* LogiScanUITests.xctest */,
			);
			name = Products;
			sourceTree = "<group>";
		};
/* End PBXGroup section */

/* Begin PBXNativeTarget section */
		81E94FED2E84495200413192 /* LogiScan */ = {
			isa = PBXNativeTarget;
			buildConfigurationList = 81E950122E84495400413192 /* Build configuration list for PBXNativeTarget "LogiScan" */;
			buildPhases = (
				81E94FEA2E84495200413192 /* Sources */,
				81E94FEB2E84495200413192 /* Frameworks */,
				81E94FEC2E84495200413192 /* Resources */,
			);
			buildRules = (
			);
			fileSystemSynchronizedGroups = (
				81E94FF02E84495200413192 /* LogiScan */,
			);
			name = LogiScan;
			packageProductDependencies = (
				816D52A72E93AC8E00878ABC /* FirebaseAuth */,
				816D52A92E93AC8E00878ABC /* FirebaseFirestore */,
				81A0AD272E9C5EDD00AFDCDB /* FirebaseStorage */,
			);
			productName = LogiScan;
			productReference = 81E94FEE2E84495200413192 /* LogiScan.app */;
			productType = "com.apple.product-type.application";
		};
		81E94FFE2E84495400413192 /* LogiScanTests */ = {
			isa = PBXNativeTarget;
			buildConfigurationList = 81E950172E84495400413192 /* Build configuration list for PBXNativeTarget "LogiScanTests" */;
			buildPhases = (
				81E94FFB2E84495400413192 /* Sources */,
				81E94FFC2E84495400413192 /* Frameworks */,
				81E94FFD2E84495400413192 /* Resources */,
			);
			buildRules = (
			);
			dependencies = (
				81E950012E84495400413192 /* PBXTargetDependency */,
			);
			fileSystemSynchronizedGroups = (
				81E950022E84495400413192 /* LogiScanTests */,
			);
			name = LogiScanTests;
			productName = LogiScanTests;
			productReference = 81E94FFF2E84495400413192 /* LogiScanTests.xctest */;
			productType = "com.apple.product-type.bundle.unit-test";
		};
		81E950082E84495400413192 /* LogiScanUITests */ = {
			isa = PBXNativeTarget;
			buildConfigurationList = 81E9501A2E84495400413192 /* Build configuration list for PBXNativeTarget "LogiScanUITests" */;
			buildPhases = (
				81E950052E84495400413192 /* Sources */,
				81E950062E84495400413192 /* Frameworks */,
				81E950072E84495400413192 /* Resources */,
			);
			buildRules = (
			);
			dependencies = (
				81E9500B2E84495400413192 /* PBXTargetDependency */,
			);
			fileSystemSynchronizedGroups = (
				81E9500C2E84495400413192 /* LogiScanUITests */,
			);
			name = LogiScanUITests;
			productName = LogiScanUITests;
			productReference = 81E950092E84495400413192 /* LogiScanUITests.xctest */;
			productType = "com.apple.product-type.bundle.ui-testing";
		};
/* End PBXNativeTarget section */

/* Begin PBXProject section */
		81E94FE62E84495200413192 /* Project object */ = {
			isa = PBXProject;
			attributes = {
				BuildIndependentTargetsInParallel = 1;
				LastSwiftUpdateCheck = 1640;
				LastUpgradeCheck = 1640;
				TargetAttributes = {
					81E94FED2E84495200413192 = {
						CreatedOnToolsVersion = 16.4;
					};
					81E94FFE2E84495400413192 = {
						CreatedOnToolsVersion = 16.4;
						TestTargetID = 81E94FED2E84495200413192;
					};
					81E950082E84495400413192 = {
						CreatedOnToolsVersion = 16.4;
						TestTargetID = 81E94FED2E84495200413192;
					};
				};
			};
			buildConfigurationList = 81E94FE92E84495200413192 /* Build configuration list for PBXProject "LogiScan" */;
			developmentRegion = en;
			hasScannedForEncodings = 0;
			knownRegions = (
				en,
				Base,
			);
			mainGroup = 81E94FE52E84495200413192;
			minimizedProjectReferenceProxies = 1;
			packageReferences = (
				816D52A62E93AC8E00878ABC /* XCRemoteSwiftPackageReference "firebase-ios-sdk" */,
			);
			preferredProjectObjectVersion = 90;
			productRefGroup = 81E94FEF2E84495200413192 /* Products */;
			projectDirPath = "";
			projectRoot = "";
			targets = (
				81E94FED2E84495200413192 /* LogiScan */,
				81E94FFE2E84495400413192 /* LogiScanTests */,
				81E950082E84495400413192 /* LogiScanUITests */,
			);
		};
/* End PBXProject section */

/* Begin PBXResourcesBuildPhase section */
		81E94FEC2E84495200413192 /* Resources */ = {
			isa = PBXResourcesBuildPhase;
			files = (
			);
		};
		81E94FFD2E84495400413192 /* Resources */ = {
			isa = PBXResourcesBuildPhase;
			files = (
			);
		};
		81E950072E84495400413192 /* Resources */ = {
			isa = PBXResourcesBuildPhase;
			files = (
			);
		};
/* End PBXResourcesBuildPhase section */

/* Begin PBXSourcesBuildPhase section */
		81E94FEA2E84495200413192 /* Sources */ = {
			isa = PBXSourcesBuildPhase;
			files = (
			);
		};
		81E94FFB2E84495400413192 /* Sources */ = {
			isa = PBXSourcesBuildPhase;
			files = (
			);
		};
		81E950052E84495400413192 /* Sources */ = {
			isa = PBXSourcesBuildPhase;
			files = (
			);
		};
/* End PBXSourcesBuildPhase section */

/* Begin PBXTargetDependency section */
		81E950012E84495400413192 /* PBXTargetDependency */ = {
			isa = PBXTargetDependency;
			target = 81E94FED2E84495200413192 /* LogiScan */;
			targetProxy = 81E950002E84495400413192 /* PBXContainerItemProxy */;
		};
		81E9500B2E84495400413192 /* PBXTargetDependency */ = {
			isa = PBXTargetDependency;
			target = 81E94FED2E84495200413192 /* LogiScan */;
			targetProxy = 81E9500A2E84495400413192 /* PBXContainerItemProxy */;
		};
/* End PBXTargetDependency section */

/* Begin XCBuildConfiguration section */
		81E950132E84495400413192 /* Debug configuration for PBXNativeTarget "LogiScan" */ = {
			isa = XCBuildConfiguration;
			buildSettings = {
				ASSETCATALOG_COMPILER_APPICON_NAME = AppIcon;
				ASSETCATALOG_COMPILER_GLOBAL_ACCENT_COLOR_NAME = AccentColor;
				CODE_SIGN_ENTITLEMENTS = LogiScan/LogiScanDebug.entitlements;
				CODE_SIGN_IDENTITY = "Apple Development";
				CODE_SIGN_STYLE = Automatic;
				CURRENT_PROJECT_VERSION = 18;
				DEVELOPMENT_TEAM = BB3PGNJBJ2;
				ENABLE_PREVIEWS = YES;
				GENERATE_INFOPLIST_FILE = YES;
				INFOPLIST_FILE = LogiScan/Info.plist;
				INFOPLIST_KEY_LSApplicationCategoryType = "public.app-category.business";
				INFOPLIST_KEY_UIApplicationSceneManifest_Generation = YES;
				INFOPLIST_KEY_UIApplicationSupportsIndirectInputEvents = YES;
				INFOPLIST_KEY_UILaunchScreen_Generation = YES;
				INFOPLIST_KEY_UISupportedInterfaceOrientations_iPad = "UIInterfaceOrientationPortrait UIInterfaceOrientationPortraitUpsideDown UIInterfaceOrientationLandscapeLeft UIInterfaceOrientationLandscapeRight";
				INFOPLIST_KEY_UISupportedInterfaceOrientations_iPhone = "UIInterfaceOrientationPortrait UIInterfaceOrientationLandscapeLeft UIInterfaceOrientationLandscapeRight";
				LD_RUNPATH_SEARCH_PATHS = (
					"$(inherited)",
					"@executable_path/Frameworks",
				);
				MARKETING_VERSION = 1.0;
				PRODUCT_BUNDLE_IDENTIFIER = maxime.LogiScan;
				PRODUCT_NAME = "$(TARGET_NAME)";
				PROVISIONING_PROFILE_SPECIFIER = "";
				SUPPORTED_PLATFORMS = "iphoneos iphonesimulator";
				SUPPORTS_MACCATALYST = NO;
				SUPPORTS_XR_DESIGNED_FOR_IPHONE_IPAD = NO;
				SWIFT_EMIT_LOC_STRINGS = YES;
				SWIFT_VERSION = 5.0;
				TARGETED_DEVICE_FAMILY = "1,2";
			};
			name = Debug;
		};
		81E950142E84495400413192 /* Release configuration for PBXNativeTarget "LogiScan" */ = {
			isa = XCBuildConfiguration;
			buildSettings = {
				ASSETCATALOG_COMPILER_APPICON_NAME = AppIcon;
				ASSETCATALOG_COMPILER_GLOBAL_ACCENT_COLOR_NAME = AccentColor;
				CODE_SIGN_ENTITLEMENTS = LogiScan/LogiScan.entitlements;
				CODE_SIGN_IDENTITY = "Apple Development";
				"CODE_SIGN_IDENTITY[sdk=iphoneos*]" = "iPhone Distribution";
				CODE_SIGN_STYLE = Manual;
				CURRENT_PROJECT_VERSION = 18;
				DEVELOPMENT_TEAM = "";
				"DEVELOPMENT_TEAM[sdk=iphoneos*]" = BB3PGNJBJ2;
				ENABLE_PREVIEWS = YES;
				ENABLE_TESTABILITY = YES;
				GENERATE_INFOPLIST_FILE = YES;
				INFOPLIST_FILE = LogiScan/Info.plist;
				INFOPLIST_KEY_LSApplicationCategoryType = "public.app-category.business";
				INFOPLIST_KEY_UIApplicationSceneManifest_Generation = YES;
				INFOPLIST_KEY_UIApplicationSupportsIndirectInputEvents = YES;
				INFOPLIST_KEY_UILaunchScreen_Generation = YES;
				INFOPLIST_KEY_UISupportedInterfaceOrientations_iPad = "UIInterfaceOrientationPortrait UIInterfaceOrientationPortraitUpsideDown UIInterfaceOrientationLandscapeLeft UIInterfaceOrientationLandscapeRight";
				INFOPLIST_KEY_UISupportedInterfaceOrientations_iPhone = "UIInterfaceOrientationPortrait UIInterfaceOrientationLandscapeLeft UIInterfaceOrientationLandscapeRight";
				LD_RUNPATH_SEARCH_PATHS = (
					"$(inherited)",
					"@executable_path/Frameworks",
				);
				MARKETING_VERSION = 1.0;
				PRODUCT_BUNDLE_IDENTIFIER = maxime.LogiScan;
				PRODUCT_NAME = "$(TARGET_NAME)";
				PROVISIONING_PROFILE_SPECIFIER = "";
				"PROVISIONING_PROFILE_SPECIFIER[sdk=iphoneos*]" = "Distribution LogiScan";
				SUPPORTED_PLATFORMS = "iphoneos iphonesimulator";
				SUPPORTS_MACCATALYST = NO;
				SUPPORTS_XR_DESIGNED_FOR_IPHONE_IPAD = NO;
				SWIFT_EMIT_LOC_STRINGS = YES;
				SWIFT_VERSION = 5.0;
				TARGETED_DEVICE_FAMILY = "1,2";
			};
			name = Release;
		};
		81E950152E84495400413192 /* Debug configuration for PBXProject "LogiScan" */ = {
			isa = XCBuildConfiguration;
			buildSettings = {
				ALWAYS_SEARCH_USER_PATHS = NO;
				ASSETCATALOG_COMPILER_GENERATE_SWIFT_ASSET_SYMBOL_EXTENSIONS = YES;
				CLANG_ANALYZER_NONNULL = YES;
				CLANG_ANALYZER_NUMBER_OBJECT_CONVERSION = YES_AGGRESSIVE;
				CLANG_CXX_LANGUAGE_STANDARD = "gnu++20";
				CLANG_ENABLE_MODULES = YES;
				CLANG_ENABLE_OBJC_ARC = YES;
				CLANG_ENABLE_OBJC_WEAK = YES;
				CLANG_WARN_BLOCK_CAPTURE_AUTORELEASING = YES;
				CLANG_WARN_BOOL_CONVERSION = YES;
				CLANG_WARN_COMMA = YES;
				CLANG_WARN_CONSTANT_CONVERSION = YES;
				CLANG_WARN_DEPRECATED_OBJC_IMPLEMENTATIONS = YES;
				CLANG_WARN_DIRECT_OBJC_ISA_USAGE = YES_ERROR;
				CLANG_WARN_DOCUMENTATION_COMMENTS = YES;
				CLANG_WARN_EMPTY_BODY = YES;
				CLANG_WARN_ENUM_CONVERSION = YES;
				CLANG_WARN_INFINITE_RECURSION = YES;
				CLANG_WARN_INT_CONVERSION = YES;
				CLANG_WARN_NON_LITERAL_NULL_CONVERSION = YES;
				CLANG_WARN_OBJC_IMPLICIT_RETAIN_SELF = YES;
				CLANG_WARN_OBJC_LITERAL_CONVERSION = YES;
				CLANG_WARN_OBJC_ROOT_CLASS = YES_ERROR;
				CLANG_WARN_QUOTED_INCLUDE_IN_FRAMEWORK_HEADER = YES;
				CLANG_WARN_RANGE_LOOP_ANALYSIS = YES;
				CLANG_WARN_STRICT_PROTOTYPES = YES;
				CLANG_WARN_SUSPICIOUS_MOVE = YES;
				CLANG_WARN_UNGUARDED_AVAILABILITY = YES_AGGRESSIVE;
				CLANG_WARN_UNREACHABLE_CODE = YES;
				CLANG_WARN__DUPLICATE_METHOD_MATCH = YES;
				COPY_PHASE_STRIP = NO;
				DEBUG_INFORMATION_FORMAT = dwarf;
				DEVELOPMENT_TEAM = BB3PGNJBJ2;
				ENABLE_STRICT_OBJC_MSGSEND = YES;
				ENABLE_TESTABILITY = YES;
				ENABLE_USER_SCRIPT_SANDBOXING = YES;
				GCC_C_LANGUAGE_STANDARD = gnu17;
				GCC_DYNAMIC_NO_PIC = NO;
				GCC_NO_COMMON_BLOCKS = YES;
				GCC_OPTIMIZATION_LEVEL = 0;
				GCC_PREPROCESSOR_DEFINITIONS = (
					"DEBUG=1",
					"$(inherited)",
				);
				GCC_WARN_64_TO_32_BIT_CONVERSION = YES;
				GCC_WARN_ABOUT_RETURN_TYPE = YES_ERROR;
				GCC_WARN_UNDECLARED_SELECTOR = YES;
				GCC_WARN_UNINITIALIZED_AUTOS = YES_AGGRESSIVE;
				GCC_WARN_UNUSED_FUNCTION = YES;
				GCC_WARN_UNUSED_VARIABLE = YES;
				IPHONEOS_DEPLOYMENT_TARGET = 17.6;
				LOCALIZATION_PREFERS_STRING_CATALOGS = YES;
				MTL_ENABLE_DEBUG_INFO = INCLUDE_SOURCE;
				MTL_FAST_MATH = YES;
				ONLY_ACTIVE_ARCH = YES;
				SDKROOT = iphoneos;
				SWIFT_ACTIVE_COMPILATION_CONDITIONS = "DEBUG $(inherited)";
				SWIFT_OPTIMIZATION_LEVEL = "-Onone";
			};
			name = Debug;
		};
		81E950162E84495400413192 /* Release configuration for PBXProject "LogiScan" */ = {
			isa = XCBuildConfiguration;
			buildSettings = {
				ALWAYS_SEARCH_USER_PATHS = NO;
				ASSETCATALOG_COMPILER_GENERATE_SWIFT_ASSET_SYMBOL_EXTENSIONS = YES;
				CLANG_ANALYZER_NONNULL = YES;
				CLANG_ANALYZER_NUMBER_OBJECT_CONVERSION = YES_AGGRESSIVE;
				CLANG_CXX_LANGUAGE_STANDARD = "gnu++20";
				CLANG_ENABLE_MODULES = YES;
				CLANG_ENABLE_OBJC_ARC = YES;
				CLANG_ENABLE_OBJC_WEAK = YES;
				CLANG_WARN_BLOCK_CAPTURE_AUTORELEASING = YES;
				CLANG_WARN_BOOL_CONVERSION = YES;
				CLANG_WARN_COMMA = YES;
				CLANG_WARN_CONSTANT_CONVERSION = YES;
				CLANG_WARN_DEPRECATED_OBJC_IMPLEMENTATIONS = YES;
				CLANG_WARN_DIRECT_OBJC_ISA_USAGE = YES_ERROR;
				CLANG_WARN_DOCUMENTATION_COMMENTS = YES;
				CLANG_WARN_EMPTY_BODY = YES;
				CLANG_WARN_ENUM_CONVERSION = YES;
				CLANG_WARN_INFINITE_RECURSION = YES;
				CLANG_WARN_INT_CONVERSION = YES;
				CLANG_WARN_NON_LITERAL_NULL_CONVERSION = YES;
				CLANG_WARN_OBJC_IMPLICIT_RETAIN_SELF = YES;
				CLANG_WARN_OBJC_LITERAL_CONVERSION = YES;
				CLANG_WARN_OBJC_ROOT_CLASS = YES_ERROR;
				CLANG_WARN_QUOTED_INCLUDE_IN_FRAMEWORK_HEADER = YES;
				CLANG_WARN_RANGE_LOOP_ANALYSIS = YES;
				CLANG_WARN_STRICT_PROTOTYPES = YES;
				CLANG_WARN_SUSPICIOUS_MOVE = YES;
				CLANG_WARN_UNGUARDED_AVAILABILITY = YES_AGGRESSIVE;
				CLANG_WARN_UNREACHABLE_CODE = YES;
				CLANG_WARN__DUPLICATE_METHOD_MATCH = YES;
				COPY_PHASE_STRIP = NO;
				DEBUG_INFORMATION_FORMAT = "dwarf-with-dsym";
				DEVELOPMENT_TEAM = BB3PGNJBJ2;
				ENABLE_NS_ASSERTIONS = NO;
				ENABLE_STRICT_OBJC_MSGSEND = YES;
				ENABLE_USER_SCRIPT_SANDBOXING = YES;
				GCC_C_LANGUAGE_STANDARD = gnu17;
				GCC_NO_COMMON_BLOCKS = YES;
				GCC_WARN_64_TO_32_BIT_CONVERSION = YES;
				GCC_WARN_ABOUT_RETURN_TYPE = YES_ERROR;
				GCC_WARN_UNDECLARED_SELECTOR = YES;
				GCC_WARN_UNINITIALIZED_AUTOS = YES_AGGRESSIVE;
				GCC_WARN_UNUSED_FUNCTION = YES;
				GCC_WARN_UNUSED_VARIABLE = YES;
				IPHONEOS_DEPLOYMENT_TARGET = 17.6;
				LOCALIZATION_PREFERS_STRING_CATALOGS = YES;
				MTL_ENABLE_DEBUG_INFO = NO;
				MTL_FAST_MATH = YES;
				SDKROOT = iphoneos;
				SWIFT_COMPILATION_MODE = wholemodule;
				VALIDATE_PRODUCT = YES;
			};
			name = Release;
		};
		81E950182E84495400413192 /* Debug configuration for PBXNativeTarget "LogiScanTests" */ = {
			isa = XCBuildConfiguration;
			buildSettings = {
				BUNDLE_LOADER = "$(TEST_HOST)";
				CODE_SIGN_STYLE = Automatic;
				CURRENT_PROJECT_VERSION = 1;
				DEVELOPMENT_TEAM = BB3PGNJBJ2;
				GENERATE_INFOPLIST_FILE = YES;
				IPHONEOS_DEPLOYMENT_TARGET = 18.5;
				MARKETING_VERSION = 1.0;
				PRODUCT_BUNDLE_IDENTIFIER = maxime.LogiScanTests;
				PRODUCT_NAME = "$(TARGET_NAME)";
				SWIFT_EMIT_LOC_STRINGS = NO;
				SWIFT_VERSION = 5.0;
				TARGETED_DEVICE_FAMILY = "1,2";
				TEST_HOST = "$(BUILT_PRODUCTS_DIR)/LogiScan.app/$(BUNDLE_EXECUTABLE_FOLDER_PATH)/LogiScan";
			};
			name = Debug;
		};
		81E950192E84495400413192 /* Release configuration for PBXNativeTarget "LogiScanTests" */ = {
			isa = XCBuildConfiguration;
			buildSettings = {
				BUNDLE_LOADER = "$(TEST_HOST)";
				CODE_SIGN_STYLE = Automatic;
				CURRENT_PROJECT_VERSION = 1;
				DEVELOPMENT_TEAM = BB3PGNJBJ2;
				GENERATE_INFOPLIST_FILE = YES;
				IPHONEOS_DEPLOYMENT_TARGET = 18.5;
				MARKETING_VERSION = 1.0;
				PRODUCT_BUNDLE_IDENTIFIER = maxime.LogiScanTests;
				PRODUCT_NAME = "$(TARGET_NAME)";
				SWIFT_EMIT_LOC_STRINGS = NO;
				SWIFT_VERSION = 5.0;
				TARGETED_DEVICE_FAMILY = "1,2";
				TEST_HOST = "$(BUILT_PRODUCTS_DIR)/LogiScan.app/$(BUNDLE_EXECUTABLE_FOLDER_PATH)/LogiScan";
			};
			name = Release;
		};
		81E9501B2E84495400413192 /* Debug configuration for PBXNativeTarget "LogiScanUITests" */ = {
			isa = XCBuildConfiguration;
			buildSettings = {
				CODE_SIGN_STYLE = Automatic;
				CURRENT_PROJECT_VERSION = 1;
				DEVELOPMENT_TEAM = BB3PGNJBJ2;
				GENERATE_INFOPLIST_FILE = YES;
				MARKETING_VERSION = 1.0;
				PRODUCT_BUNDLE_IDENTIFIER = maxime.LogiScanUITests;
				PRODUCT_NAME = "$(TARGET_NAME)";
				SWIFT_EMIT_LOC_STRINGS = NO;
				SWIFT_VERSION = 5.0;
				TARGETED_DEVICE_FAMILY = "1,2";
				TEST_TARGET_NAME = LogiScan;
			};
			name = Debug;
		};
		81E9501C2E84495400413192 /* Release configuration for PBXNativeTarget "LogiScanUITests" */ = {
			isa = XCBuildConfiguration;
			buildSettings = {
				CODE_SIGN_STYLE = Automatic;
				CURRENT_PROJECT_VERSION = 1;
				DEVELOPMENT_TEAM = BB3PGNJBJ2;
				GENERATE_INFOPLIST_FILE = YES;
				MARKETING_VERSION = 1.0;
				PRODUCT_BUNDLE_IDENTIFIER = maxime.LogiScanUITests;
				PRODUCT_NAME = "$(TARGET_NAME)";
				SWIFT_EMIT_LOC_STRINGS = NO;
				SWIFT_VERSION = 5.0;
				TARGETED_DEVICE_FAMILY = "1,2";
				TEST_TARGET_NAME = LogiScan;
			};
			name = Release;
		};
/* End XCBuildConfiguration section */

/* Begin XCConfigurationList section */
		81E94FE92E84495200413192 /* Build configuration list for PBXProject "LogiScan" */ = {
			isa = XCConfigurationList;
			buildConfigurations = (
				81E950152E84495400413192 /* Debug configuration for PBXProject "LogiScan" */,
				81E950162E84495400413192 /* Release configuration for PBXProject "LogiScan" */,
			);
			defaultConfigurationName = Release;
		};
		81E950122E84495400413192 /* Build configuration list for PBXNativeTarget "LogiScan" */ = {
			isa = XCConfigurationList;
			buildConfigurations = (
				81E950132E84495400413192 /* Debug configuration for PBXNativeTarget "LogiScan" */,
				81E950142E84495400413192 /* Release configuration for PBXNativeTarget "LogiScan" */,
			);
			defaultConfigurationName = Release;
		};
		81E950172E84495400413192 /* Build configuration list for PBXNativeTarget "LogiScanTests" */ = {
			isa = XCConfigurationList;
			buildConfigurations = (
				81E950182E84495400413192 /* Debug configuration for PBXNativeTarget "LogiScanTests" */,
				81E950192E84495400413192 /* Release configuration for PBXNativeTarget "LogiScanTests" */,
			);
			defaultConfigurationName = Release;
		};
		81E9501A2E84495400413192 /* Build configuration list for PBXNativeTarget "LogiScanUITests" */ = {
			isa = XCConfigurationList;
			buildConfigurations = (
				81E9501B2E84495400413192 /* Debug configuration for PBXNativeTarget "LogiScanUITests" */,
				81E9501C2E84495400413192 /* Release configuration for PBXNativeTarget "LogiScanUITests" */,
			);
			defaultConfigurationName = Release;
		};
/* End XCConfigurationList section */

/* Begin XCRemoteSwiftPackageReference section */
		816D52A62E93AC8E00878ABC /* XCRemoteSwiftPackageReference "firebase-ios-sdk" */ = {
			isa = XCRemoteSwiftPackageReference;
			repositoryURL = "https://github.com/firebase/firebase-ios-sdk";
			requirement = {
				kind = upToNextMajorVersion;
				minimumVersion = 12.3.0;
			};
		};
/* End XCRemoteSwiftPackageReference section */

/* Begin XCSwiftPackageProductDependency section */
		816D52A72E93AC8E00878ABC /* FirebaseAuth */ = {
			isa = XCSwiftPackageProductDependency;
			package = 816D52A62E93AC8E00878ABC /* XCRemoteSwiftPackageReference "firebase-ios-sdk" */;
			productName = FirebaseAuth;
		};
		816D52A92E93AC8E00878ABC /* FirebaseFirestore */ = {
			isa = XCSwiftPackageProductDependency;
			package = 816D52A62E93AC8E00878ABC /* XCRemoteSwiftPackageReference "firebase-ios-sdk" */;
			productName = FirebaseFirestore;
		};
		81A0AD272E9C5EDD00AFDCDB /* FirebaseStorage */ = {
			isa = XCSwiftPackageProductDependency;
			package = 816D52A62E93AC8E00878ABC /* XCRemoteSwiftPackageReference "firebase-ios-sdk" */;
			productName = FirebaseStorage;
		};
/* End XCSwiftPackageProductDependency section */
	};
	rootObject = 81E94FE62E84495200413192 /* Project object */;
}
